
Microsoft Visual Studio Solution File, Format Version 12.00
# Visual Studio 15
Project("{FAE04EC0-301F-11D3-BF4B-00C04F79EFBC}") = "UrhoDemo.Android", "UrhoDemo.Android\UrhoDemo.Android.csproj", "{0F0B4AF0-0666-446D-9722-DF1E5B15FCCD}"
EndProject
Project("{FAE04EC0-301F-11D3-BF4B-00C04F79EFBC}") = "UrhoDemo", "UrhoDemo\UrhoDemo.csproj", "{3166C758-FB40-4907-9186-97A68000C7EC}"
EndProject
Project("{FAE04EC0-301F-11D3-BF4B-00C04F79EFBC}") = "UrhoDemo.iOS", "UrhoDemo.iOS\UrhoDemo.iOS.csproj", "{1848D4BB-E192-45A9-A07A-EC21484D77E0}"
EndProject
Project("{2150E333-8FDC-42A3-9474-1A3956D46DE8}") = "Solution Items", "Solution Items", "{4B9995AD-574A-468F-AA3F-C75AD5334520}"
	ProjectSection(SolutionItems) = preProject
		README.md = README.md
		img\Android.png = img\Android.png
		img\iOS.png = img\iOS.png
		Opengl-con-Xamarin-Forms-UrhoSharp.pdf = Opengl-con-Xamarin-Forms-UrhoSharp.pdf
	EndProjectSection
EndProject
Global
	GlobalSection(SolutionConfigurationPlatforms) = preSolution
		Debug|Any CPU = Debug|Any CPU
		Release|Any CPU = Release|Any CPU
		Debug|iPhoneSimulator = Debug|iPhoneSimulator
		Release|iPhoneSimulator = Release|iPhoneSimulator
		Debug|iPhone = Debug|iPhone
		Release|iPhone = Release|iPhone
	EndGlobalSection
	GlobalSection(ProjectConfigurationPlatforms) = postSolution
		{0F0B4AF0-0666-446D-9722-DF1E5B15FCCD}.Debug|Any CPU.ActiveCfg = Debug|Any CPU
		{0F0B4AF0-0666-446D-9722-DF1E5B15FCCD}.Debug|Any CPU.Build.0 = Debug|Any CPU
		{0F0B4AF0-0666-446D-9722-DF1E5B15FCCD}.Release|Any CPU.ActiveCfg = Release|Any CPU
		{0F0B4AF0-0666-446D-9722-DF1E5B15FCCD}.Release|Any CPU.Build.0 = Release|Any CPU
		{0F0B4AF0-0666-446D-9722-DF1E5B15FCCD}.Debug|iPhoneSimulator.ActiveCfg = Debug|Any CPU
		{0F0B4AF0-0666-446D-9722-DF1E5B15FCCD}.Debug|iPhoneSimulator.Build.0 = Debug|Any CPU
		{0F0B4AF0-0666-446D-9722-DF1E5B15FCCD}.Release|iPhoneSimulator.ActiveCfg = Release|Any CPU
		{0F0B4AF0-0666-446D-9722-DF1E5B15FCCD}.Release|iPhoneSimulator.Build.0 = Release|Any CPU
		{0F0B4AF0-0666-446D-9722-DF1E5B15FCCD}.Debug|iPhone.ActiveCfg = Debug|Any CPU
		{0F0B4AF0-0666-446D-9722-DF1E5B15FCCD}.Debug|iPhone.Build.0 = Debug|Any CPU
		{0F0B4AF0-0666-446D-9722-DF1E5B15FCCD}.Release|iPhone.ActiveCfg = Release|Any CPU
		{0F0B4AF0-0666-446D-9722-DF1E5B15FCCD}.Release|iPhone.Build.0 = Release|Any CPU
		{3166C758-FB40-4907-9186-97A68000C7EC}.Debug|Any CPU.ActiveCfg = Debug|Any CPU
		{3166C758-FB40-4907-9186-97A68000C7EC}.Debug|Any CPU.Build.0 = Debug|Any CPU
		{3166C758-FB40-4907-9186-97A68000C7EC}.Release|Any CPU.ActiveCfg = Release|Any CPU
		{3166C758-FB40-4907-9186-97A68000C7EC}.Release|Any CPU.Build.0 = Release|Any CPU
		{3166C758-FB40-4907-9186-97A68000C7EC}.Debug|iPhoneSimulator.ActiveCfg = Debug|Any CPU
		{3166C758-FB40-4907-9186-97A68000C7EC}.Debug|iPhoneSimulator.Build.0 = Debug|Any CPU
		{3166C758-FB40-4907-9186-97A68000C7EC}.Release|iPhoneSimulator.ActiveCfg = Release|Any CPU
		{3166C758-FB40-4907-9186-97A68000C7EC}.Release|iPhoneSimulator.Build.0 = Release|Any CPU
		{3166C758-FB40-4907-9186-97A68000C7EC}.Debug|iPhone.ActiveCfg = Debug|Any CPU
		{3166C758-FB40-4907-9186-97A68000C7EC}.Debug|iPhone.Build.0 = Debug|Any CPU
		{3166C758-FB40-4907-9186-97A68000C7EC}.Release|iPhone.ActiveCfg = Release|Any CPU
		{3166C758-FB40-4907-9186-97A68000C7EC}.Release|iPhone.Build.0 = Release|Any CPU
		{1848D4BB-E192-45A9-A07A-EC21484D77E0}.Debug|Any CPU.ActiveCfg = Debug|iPhoneSimulator
		{1848D4BB-E192-45A9-A07A-EC21484D77E0}.Debug|Any CPU.Build.0 = Debug|iPhoneSimulator
		{1848D4BB-E192-45A9-A07A-EC21484D77E0}.Release|Any CPU.ActiveCfg = Release|iPhoneSimulator
		{1848D4BB-E192-45A9-A07A-EC21484D77E0}.Release|Any CPU.Build.0 = Release|iPhoneSimulator
		{1848D4BB-E192-45A9-A07A-EC21484D77E0}.Debug|iPhoneSimulator.ActiveCfg = Debug|iPhoneSimulator
		{1848D4BB-E192-45A9-A07A-EC21484D77E0}.Debug|iPhoneSimulator.Build.0 = Debug|iPhoneSimulator
		{1848D4BB-E192-45A9-A07A-EC21484D77E0}.Release|iPhoneSimulator.ActiveCfg = Release|iPhoneSimulator
		{1848D4BB-E192-45A9-A07A-EC21484D77E0}.Release|iPhoneSimulator.Build.0 = Release|iPhoneSimulator
		{1848D4BB-E192-45A9-A07A-EC21484D77E0}.Debug|iPhone.ActiveCfg = Debug|iPhone
		{1848D4BB-E192-45A9-A07A-EC21484D77E0}.Debug|iPhone.Build.0 = Debug|iPhone
		{1848D4BB-E192-45A9-A07A-EC21484D77E0}.Release|iPhone.ActiveCfg = Release|iPhone
		{1848D4BB-E192-45A9-A07A-EC21484D77E0}.Release|iPhone.Build.0 = Release|iPhone
	EndGlobalSection
EndGlobal
